{
  "name": "node-squoosh-poc",
  "version": "1.0.0",
  "lockfileVersion": 1,
  "requires": true,
  "dependencies": {
    "@squoosh/lib": {
      "version": "0.2.3",
      "resolved": "https://registry.npmjs.org/@squoosh/lib/-/lib-0.2.3.tgz",
      "integrity": "sha512-PUapwSgxBmmlCf4vKhKNQAL5p6cvwOcuzJ5oLWkNSes1/c/bM7Bzu5HhpLAgAnlEmpZ6c3MbvdkRwq4cU48b3A==",
      "requires": {
        "web-streams-polyfill": "^3.0.3"
      }
    },
    "batch-cluster": {
      "version": "6.1.0",
      "resolved": "https://registry.npmjs.org/batch-cluster/-/batch-cluster-6.1.0.tgz",
      "integrity": "sha512-UTEJckl8xanAEW+4DMweKSZPgHzquF5kNU1nULSe2bFI4Z3nW54562aSEIW3POBTtCHWGxUCnk1Mx14PruhAWg=="
    },
    "exiftool-vendored": {
      "version": "14.5.0",
      "resolved": "https://registry.npmjs.org/exiftool-vendored/-/exiftool-vendored-14.5.0.tgz",
      "integrity": "sha512-CG0aNv+Y2Rs+RgIp27XHWUm/s5Bo0PEX8QVivG5A2ThfqL06AIP63TyPZHqSM6G3PW1IMCTfBOyVLDarq29/uQ==",
      "requires": {
        "batch-cluster": "^6.1.0",
        "exiftool-vendored.exe": "^12.26.0",
        "exiftool-vendored.pl": "^12.26.0",
        "he": "^1.2.0",
        "luxon": "^1.27.0",
        "tz-lookup": "^6.1.25"
      }
    },
    "exiftool-vendored.exe": {
      "version": "12.26.0",
      "resolved": "https://registry.npmjs.org/exiftool-vendored.exe/-/exiftool-vendored.exe-12.26.0.tgz",
      "integrity": "sha512-RSzq3K62E2I4WKRMq9QoCPLfngFKDzq1duNIIAannLuNR1C6yZsXtnL+tFfvpI9xh9RBYq0uAuAQjnyZKBGIWQ==",
      "optional": true
    },
    "exiftool-vendored.pl": {
      "version": "12.26.0",
      "resolved": "https://registry.npmjs.org/exiftool-vendored.pl/-/exiftool-vendored.pl-12.26.0.tgz",
      "integrity": "sha512-xWj6MraSmT1vGg3nJscloDjokZ78frQpOPK+K4iAYT2AzV4IeUUDJAnEY+7C9sA4v0OEYhVxN4FDOIK0WVBxOw==",
      "optional": true
    },
    "he": {
      "version": "1.2.0",
      "resolved": "https://registry.npmjs.org/he/-/he-1.2.0.tgz",
      "integrity": "sha512-F/1DnUGPopORZi0ni+CvrCgHQ5FyEAHRLSApuYWMmrbSwoN2Mn/7k+Gl38gJnR7yyDZk6WLXwiGod1JOWNDKGw=="
    },
    "luxon": {
      "version": "1.27.0",
      "resolved": "https://registry.npmjs.org/luxon/-/luxon-1.27.0.tgz",
      "integrity": "sha512-VKsFsPggTA0DvnxtJdiExAucKdAnwbCCNlMM5ENvHlxubqWd0xhZcdb4XgZ7QFNhaRhilXCFxHuoObP5BNA4PA=="
    },
    "tz-lookup": {
      "version": "6.1.25",
      "resolved": "https://registry.npmjs.org/tz-lookup/-/tz-lookup-6.1.25.tgz",
      "integrity": "sha512-fFewT9o1uDzsW1QnUU1ValqaihFnwiUiiHr1S79/fxOzKXYYvX+EHeRnpvQJ9B3Qg67wPXT6QF2Esc4pFOrvLg=="
    },
    "web-streams-polyfill": {
      "version": "3.0.3",
      "resolved": "https://registry.npmjs.org/web-streams-polyfill/-/web-streams-polyfill-3.0.3.tgz",
      "integrity": "sha512-d2H/t0eqRNM4w2WvmTdoeIvzAUSpK7JmATB8Nr2lb7nQ9BTIJVjbQ/TRFVEh2gUH1HwclPdoPtfMoFfetXaZnA=="
    }
  }
}
